
Microsoft Visual Studio Solution File, Format Version 12.00
# Visual Studio Version 17
VisualStudioVersion = 17.4.33205.214
MinimumVisualStudioVersion = 10.0.40219.1
Project("{FAE04EC0-301F-11D3-BF4B-00C04F79EFBC}") = "RSS_ile_İnternetten_Haber_Başlıkları_Çekme", "RSS_ile_İnternetten_Haber_Başlıkları_Çekme\RSS_ile_İnternetten_Haber_Başlıkları_Çekme.csproj", "{56859DF3-D0E4-4972-998E-BD025D23A966}"
EndProject
Global
	GlobalSection(SolutionConfigurationPlatforms) = preSolution
		Debug|Any CPU = Debug|Any CPU
		Release|Any CPU = Release|Any CPU
	EndGlobalSection
	GlobalSection(ProjectConfigurationPlatforms) = postSolution
		{56859DF3-D0E4-4972-998E-BD025D23A966}.Debug|Any CPU.ActiveCfg = Debug|Any CPU
		{56859DF3-D0E4-4972-998E-BD025D23A966}.Debug|Any CPU.Build.0 = Debug|Any CPU
		{56859DF3-D0E4-4972-998E-BD025D23A966}.Release|Any CPU.ActiveCfg = Release|Any CPU
		{56859DF3-D0E4-4972-998E-BD025D23A966}.Release|Any CPU.Build.0 = Release|Any CPU
	EndGlobalSection
	GlobalSection(SolutionProperties) = preSolution
		HideSolutionNode = FALSE
	EndGlobalSection
	GlobalSection(ExtensibilityGlobals) = postSolution
		SolutionGuid = {F0FC9AFC-C827-4E23-AF58-246B6A6F2072}
	EndGlobalSection
EndGlobal
